PODS:
  - JGProgressHUD (2.0)
  - PromiseKit (4.5.0):
    - PromiseKit/Foundation (= 4.5.0)
    - PromiseKit/QuartzCore (= 4.5.0)
    - PromiseKit/UIKit (= 4.5.0)
  - PromiseKit/CoreLocation (4.5.0):
    - PromiseKit/CorePromise
  - PromiseKit/CorePromise (4.5.0)
  - PromiseKit/Foundation (4.5.0):
    - PromiseKit/CorePromise
  - PromiseKit/QuartzCore (4.5.0):
    - PromiseKit/CorePromise
  - PromiseKit/UIKit (4.5.0):
    - PromiseKit/CorePromise

DEPENDENCIES:
  - JGProgressHUD
  - PromiseKit (~> 4.4)
  - PromiseKit/CoreLocation

SPEC REPOS:
  trunk:
    - JGProgressHUD
    - PromiseKit

SPEC CHECKSUMS:
  JGProgressHUD: c402c0f41fc291ca7e33bba2f999118d9682dd9c
  PromiseKit: 9c1d9f6d7b65e3951a90bea7f407c56972be5d8e

PODFILE CHECKSUM: 98c25c73a31f191be651fc4bf960bb739e815fef

COCOAPODS: 1.9.3
